
Microsoft Visual Studio Solution File, Format Version 12.00
# Visual Studio Version 17
VisualStudioVersion = 17.8.34322.80
MinimumVisualStudioVersion = 10.0.40219.1
Project("{FAE04EC0-301F-11D3-BF4B-00C04F79EFBC}") = "Nhom10_QL_KARAOKE", "Nhom10_QL_KARAOKE.csproj", "{7EA800D2-418A-4703-80BC-56C84D55EEF8}"
EndProject
Global
	GlobalSection(SolutionConfigurationPlatforms) = preSolution
		Debug|Any CPU = Debug|Any CPU
		Release|Any CPU = Release|Any CPU
	EndGlobalSection
	GlobalSection(ProjectConfigurationPlatforms) = postSolution
		{7EA800D2-418A-4703-80BC-56C84D55EEF8}.Debug|Any CPU.ActiveCfg = Debug|Any CPU
		{7EA800D2-418A-4703-80BC-56C84D55EEF8}.Debug|Any CPU.Build.0 = Debug|Any CPU
		{7EA800D2-418A-4703-80BC-56C84D55EEF8}.Release|Any CPU.ActiveCfg = Release|Any CPU
		{7EA800D2-418A-4703-80BC-56C84D55EEF8}.Release|Any CPU.Build.0 = Release|Any CPU
	EndGlobalSection
	GlobalSection(SolutionProperties) = preSolution
		HideSolutionNode = FALSE
	EndGlobalSection
	GlobalSection(ExtensibilityGlobals) = postSolution
		SolutionGuid = {E19B322E-75D7-42EF-B705-7B86DCCC12FB}
	EndGlobalSection
EndGlobal
